
Microsoft Visual Studio Solution File, Format Version 12.00
# Visual Studio 15
VisualStudioVersion = 15.0.27428.2015
MinimumVisualStudioVersion = 10.0.40219.1
Project("{FAE04EC0-301F-11D3-BF4B-00C04F79EFBC}") = "GameOfLife.App", "GameOfLife\GameOfLife.App.csproj", "{644083B6-E8FB-44B5-A874-C51B633C2D79}"
EndProject
Project("{FAE04EC0-301F-11D3-BF4B-00C04F79EFBC}") = "GameOfLife.Core", "GameOfLife.Core\GameOfLife.Core.csproj", "{2B858ECA-2A27-49D0-AA0E-355BD7D62360}"
EndProject
Project("{FAE04EC0-301F-11D3-BF4B-00C04F79EFBC}") = "GameOfLife.Domain", "GameOfLife.Domain\GameOfLife.Domain.csproj", "{62C00895-D7F5-454D-B377-C702216C7107}"
EndProject
Project("{FAE04EC0-301F-11D3-BF4B-00C04F79EFBC}") = "GameOfLife.Core.Tests", "GameOfLife.Core.Tests\GameOfLife.Core.Tests.csproj", "{E36DCFA1-069F-401C-811D-4F92FAF96F10}"
EndProject
Project("{FAE04EC0-301F-11D3-BF4B-00C04F79EFBC}") = "GameOfLife.Domain.Tests", "GameOfLife.Domain.Tests\GameOfLife.Domain.Tests.csproj", "{BBC475E5-FF65-43DC-85D6-FCF2B6A664C2}"
EndProject
Global
	GlobalSection(SolutionConfigurationPlatforms) = preSolution
		Debug|Any CPU = Debug|Any CPU
		Release|Any CPU = Release|Any CPU
	EndGlobalSection
	GlobalSection(ProjectConfigurationPlatforms) = postSolution
		{644083B6-E8FB-44B5-A874-C51B633C2D79}.Debug|Any CPU.ActiveCfg = Debug|Any CPU
		{644083B6-E8FB-44B5-A874-C51B633C2D79}.Debug|Any CPU.Build.0 = Debug|Any CPU
		{644083B6-E8FB-44B5-A874-C51B633C2D79}.Release|Any CPU.ActiveCfg = Release|Any CPU
		{644083B6-E8FB-44B5-A874-C51B633C2D79}.Release|Any CPU.Build.0 = Release|Any CPU
		{2B858ECA-2A27-49D0-AA0E-355BD7D62360}.Debug|Any CPU.ActiveCfg = Debug|Any CPU
		{2B858ECA-2A27-49D0-AA0E-355BD7D62360}.Debug|Any CPU.Build.0 = Debug|Any CPU
		{2B858ECA-2A27-49D0-AA0E-355BD7D62360}.Release|Any CPU.ActiveCfg = Release|Any CPU
		{2B858ECA-2A27-49D0-AA0E-355BD7D62360}.Release|Any CPU.Build.0 = Release|Any CPU
		{62C00895-D7F5-454D-B377-C702216C7107}.Debug|Any CPU.ActiveCfg = Debug|Any CPU
		{62C00895-D7F5-454D-B377-C702216C7107}.Debug|Any CPU.Build.0 = Debug|Any CPU
		{62C00895-D7F5-454D-B377-C702216C7107}.Release|Any CPU.ActiveCfg = Release|Any CPU
		{62C00895-D7F5-454D-B377-C702216C7107}.Release|Any CPU.Build.0 = Release|Any CPU
		{E36DCFA1-069F-401C-811D-4F92FAF96F10}.Debug|Any CPU.ActiveCfg = Debug|Any CPU
		{E36DCFA1-069F-401C-811D-4F92FAF96F10}.Debug|Any CPU.Build.0 = Debug|Any CPU
		{E36DCFA1-069F-401C-811D-4F92FAF96F10}.Release|Any CPU.ActiveCfg = Release|Any CPU
		{E36DCFA1-069F-401C-811D-4F92FAF96F10}.Release|Any CPU.Build.0 = Release|Any CPU
		{BBC475E5-FF65-43DC-85D6-FCF2B6A664C2}.Debug|Any CPU.ActiveCfg = Debug|Any CPU
		{BBC475E5-FF65-43DC-85D6-FCF2B6A664C2}.Debug|Any CPU.Build.0 = Debug|Any CPU
		{BBC475E5-FF65-43DC-85D6-FCF2B6A664C2}.Release|Any CPU.ActiveCfg = Release|Any CPU
		{BBC475E5-FF65-43DC-85D6-FCF2B6A664C2}.Release|Any CPU.Build.0 = Release|Any CPU
	EndGlobalSection
	GlobalSection(SolutionProperties) = preSolution
		HideSolutionNode = FALSE
	EndGlobalSection
	GlobalSection(ExtensibilityGlobals) = postSolution
		SolutionGuid = {24A0DC26-B4AF-48E3-8F4B-23E42A2C8BBB}
	EndGlobalSection
EndGlobal
